
Microsoft Visual Studio Solution File, Format Version 12.00
# Visual Studio Version 17
VisualStudioVersion = 17.8.34330.188
MinimumVisualStudioVersion = 10.0.40219.1
Project("{FAE04EC0-301F-11D3-BF4B-00C04F79EFBC}") = "BookStore", "BookStore\BookStore.csproj", "{0EAEA3AC-F941-4F56-A8C3-C64A87328887}"
EndProject
Global
	GlobalSection(SolutionConfigurationPlatforms) = preSolution
		Debug|Any CPU = Debug|Any CPU
		Release|Any CPU = Release|Any CPU
	EndGlobalSection
	GlobalSection(ProjectConfigurationPlatforms) = postSolution
		{0EAEA3AC-F941-4F56-A8C3-C64A87328887}.Debug|Any CPU.ActiveCfg = Debug|Any CPU
		{0EAEA3AC-F941-4F56-A8C3-C64A87328887}.Debug|Any CPU.Build.0 = Debug|Any CPU
		{0EAEA3AC-F941-4F56-A8C3-C64A87328887}.Release|Any CPU.ActiveCfg = Release|Any CPU
		{0EAEA3AC-F941-4F56-A8C3-C64A87328887}.Release|Any CPU.Build.0 = Release|Any CPU
	EndGlobalSection
	GlobalSection(SolutionProperties) = preSolution
		HideSolutionNode = FALSE
	EndGlobalSection
	GlobalSection(ExtensibilityGlobals) = postSolution
		SolutionGuid = {56076A55-FE98-4CE6-BA76-EB5736979FDB}
	EndGlobalSection
EndGlobal
